
Microsoft Visual Studio Solution File, Format Version 12.00
# Visual Studio Version 17
VisualStudioVersion = 17.2.32602.215
MinimumVisualStudioVersion = 10.0.40219.1
Project("{9A19103F-16F7-4668-BE54-9A1E7A4F7556}") = "OneTimePasswordBusinessLogic", "OneTimePasswordBusinessLogic\OneTimePasswordBusinessLogic.csproj", "{9436B6E4-541D-4A6A-ABFB-F054655E9E11}"
EndProject
Project("{9A19103F-16F7-4668-BE54-9A1E7A4F7556}") = "OneTimePassword-WebApi", "OneTimePassword-WebApi\OneTimePassword-WebApi.csproj", "{60C03143-DAE2-4A82-B04D-A6CB0B386A2E}"
EndProject
Project("{9A19103F-16F7-4668-BE54-9A1E7A4F7556}") = "OneTimePasswordBusinessLogic-Tests", "OneTimePasswordBusinessLogic-Tests\OneTimePasswordBusinessLogic-Tests.csproj", "{619D6B72-026D-4644-9E69-15D874781F33}"
EndProject
Project("{54A90642-561A-4BB1-A94E-469ADEE60C69}") = "OneTimePassword-AngularClient", "OneTimePassword-AngularClient\OneTimePassword-AngularClient.esproj", "{5D0CA910-3DF7-4606-AD38-D9F4984C334B}"
EndProject
Global
	GlobalSection(SolutionConfigurationPlatforms) = preSolution
		Debug|Any CPU = Debug|Any CPU
		Release|Any CPU = Release|Any CPU
	EndGlobalSection
	GlobalSection(ProjectConfigurationPlatforms) = postSolution
		{9436B6E4-541D-4A6A-ABFB-F054655E9E11}.Debug|Any CPU.ActiveCfg = Debug|Any CPU
		{9436B6E4-541D-4A6A-ABFB-F054655E9E11}.Debug|Any CPU.Build.0 = Debug|Any CPU
		{9436B6E4-541D-4A6A-ABFB-F054655E9E11}.Release|Any CPU.ActiveCfg = Release|Any CPU
		{9436B6E4-541D-4A6A-ABFB-F054655E9E11}.Release|Any CPU.Build.0 = Release|Any CPU
		{60C03143-DAE2-4A82-B04D-A6CB0B386A2E}.Debug|Any CPU.ActiveCfg = Debug|Any CPU
		{60C03143-DAE2-4A82-B04D-A6CB0B386A2E}.Debug|Any CPU.Build.0 = Debug|Any CPU
		{60C03143-DAE2-4A82-B04D-A6CB0B386A2E}.Release|Any CPU.ActiveCfg = Release|Any CPU
		{60C03143-DAE2-4A82-B04D-A6CB0B386A2E}.Release|Any CPU.Build.0 = Release|Any CPU
		{619D6B72-026D-4644-9E69-15D874781F33}.Debug|Any CPU.ActiveCfg = Debug|Any CPU
		{619D6B72-026D-4644-9E69-15D874781F33}.Debug|Any CPU.Build.0 = Debug|Any CPU
		{619D6B72-026D-4644-9E69-15D874781F33}.Release|Any CPU.ActiveCfg = Release|Any CPU
		{619D6B72-026D-4644-9E69-15D874781F33}.Release|Any CPU.Build.0 = Release|Any CPU
		{5D0CA910-3DF7-4606-AD38-D9F4984C334B}.Debug|Any CPU.ActiveCfg = Debug|Any CPU
		{5D0CA910-3DF7-4606-AD38-D9F4984C334B}.Debug|Any CPU.Build.0 = Debug|Any CPU
		{5D0CA910-3DF7-4606-AD38-D9F4984C334B}.Debug|Any CPU.Deploy.0 = Debug|Any CPU
		{5D0CA910-3DF7-4606-AD38-D9F4984C334B}.Release|Any CPU.ActiveCfg = Release|Any CPU
		{5D0CA910-3DF7-4606-AD38-D9F4984C334B}.Release|Any CPU.Build.0 = Release|Any CPU
		{5D0CA910-3DF7-4606-AD38-D9F4984C334B}.Release|Any CPU.Deploy.0 = Release|Any CPU
	EndGlobalSection
	GlobalSection(SolutionProperties) = preSolution
		HideSolutionNode = FALSE
	EndGlobalSection
	GlobalSection(ExtensibilityGlobals) = postSolution
		SolutionGuid = {D82868C7-FE48-4A16-A090-425E017D14B3}
	EndGlobalSection
EndGlobal
